
Microsoft Visual Studio Solution File, Format Version 12.00
# Visual Studio Version 17
VisualStudioVersion = 17.0.31612.314
MinimumVisualStudioVersion = 10.0.40219.1
Project("{FAE04EC0-301F-11D3-BF4B-00C04F79EFBC}") = "NewLaserProject", "NewLaserProject\NewLaserProject.csproj", "{689B904E-7D69-4517-81EB-B21863679010}"
EndProject
Global
	GlobalSection(SolutionConfigurationPlatforms) = preSolution
		Debug|Any CPU = Debug|Any CPU
		Release|Any CPU = Release|Any CPU
	EndGlobalSection
	GlobalSection(ProjectConfigurationPlatforms) = postSolution
		{689B904E-7D69-4517-81EB-B21863679010}.Debug|Any CPU.ActiveCfg = Debug|Any CPU
		{689B904E-7D69-4517-81EB-B21863679010}.Debug|Any CPU.Build.0 = Debug|Any CPU
		{689B904E-7D69-4517-81EB-B21863679010}.Release|Any CPU.ActiveCfg = Release|Any CPU
		{689B904E-7D69-4517-81EB-B21863679010}.Release|Any CPU.Build.0 = Release|Any CPU
	EndGlobalSection
	GlobalSection(SolutionProperties) = preSolution
		HideSolutionNode = FALSE
	EndGlobalSection
	GlobalSection(ExtensibilityGlobals) = postSolution
		SolutionGuid = {B23F4F3C-B678-43D1-8788-16625BE09317}
	EndGlobalSection
EndGlobal
